// !$*UTF8*$!
{
	archiveVersion = 1;
	classes = {
	};
	objectVersion = 55;
	objects = {

/* Begin PBXBuildFile section */
		AB9D6AE327235A1D006AFD57 /* AppDelegate.swift in Sources */ = {isa = PBXBuildFile; fileRef = AB9D6AE227235A1D006AFD57 /* AppDelegate.swift */; };
		AB9D6AE527235A1D006AFD57 /* SceneDelegate.swift in Sources */ = {isa = PBXBuildFile; fileRef = AB9D6AE427235A1D006AFD57 /* SceneDelegate.swift */; };
		AB9D6AE727235A1D006AFD57 /* ViewController.swift in Sources */ = {isa = PBXBuildFile; fileRef = AB9D6AE627235A1D006AFD57 /* ViewController.swift */; };
		AB9D6AEA27235A1D006AFD57 /* Main.storyboard in Resources */ = {isa = PBXBuildFile; fileRef = AB9D6AE827235A1D006AFD57 /* Main.storyboard */; };
		AB9D6AED27235A1D006AFD57 /* CoreImageLab.xcdatamodeld in Sources */ = {isa = PBXBuildFile; fileRef = AB9D6AEB27235A1D006AFD57 /* CoreImageLab.xcdatamodeld */; };
		AB9D6AEF27235A1F006AFD57 /* Assets.xcassets in Resources */ = {isa = PBXBuildFile; fileRef = AB9D6AEE27235A1F006AFD57 /* Assets.xcassets */; };
		AB9D6AF227235A1F006AFD57 /* LaunchScreen.storyboard in Resources */ = {isa = PBXBuildFile; fileRef = AB9D6AF027235A1F006AFD57 /* LaunchScreen.storyboard */; };
		AB9D6AFC27235FFD006AFD57 /* ModAViewController.swift in Sources */ = {isa = PBXBuildFile; fileRef = AB9D6AFB27235FFD006AFD57 /* ModAViewController.swift */; };
		AB9D6B002723612E006AFD57 /* VideoAnalgesic.swift in Sources */ = {isa = PBXBuildFile; fileRef = AB9D6AFF2723612E006AFD57 /* VideoAnalgesic.swift */; };
		AB9D6B022729F94E006AFD57 /* opencv2.framework in Frameworks */ = {isa = PBXBuildFile; fileRef = AB9D6B012729F94E006AFD57 /* opencv2.framework */; };
		AB9D6B0B2729FA4A006AFD57 /* OpenCVBridge.mm in Sources */ = {isa = PBXBuildFile; fileRef = AB9D6B0A2729FA4A006AFD57 /* OpenCVBridge.mm */; };
		AB9D6B0E2729FB24006AFD57 /* ModBViewController.swift in Sources */ = {isa = PBXBuildFile; fileRef = AB9D6B0D2729FB24006AFD57 /* ModBViewController.swift */; };
/* End PBXBuildFile section */

/* Begin PBXFileReference section */
		AB9D6ADF27235A1D006AFD57 /* CoreImageLab.app */ = {isa = PBXFileReference; explicitFileType = wrapper.application; includeInIndex = 0; path = CoreImageLab.app; sourceTree = BUILT_PRODUCTS_DIR; };
		AB9D6AE227235A1D006AFD57 /* AppDelegate.swift */ = {isa = PBXFileReference; lastKnownFileType = sourcecode.swift; path = AppDelegate.swift; sourceTree = "<group>"; };
		AB9D6AE427235A1D006AFD57 /* SceneDelegate.swift */ = {isa = PBXFileReference; lastKnownFileType = sourcecode.swift; path = SceneDelegate.swift; sourceTree = "<group>"; };
		AB9D6AE627235A1D006AFD57 /* ViewController.swift */ = {isa = PBXFileReference; lastKnownFileType = sourcecode.swift; path = ViewController.swift; sourceTree = "<group>"; };
		AB9D6AE927235A1D006AFD57 /* Base */ = {isa = PBXFileReference; lastKnownFileType = file.storyboard; name = Base; path = Base.lproj/Main.storyboard; sourceTree = "<group>"; };
		AB9D6AEC27235A1D006AFD57 /* CoreImageLab.xcdatamodel */ = {isa = PBXFileReference; lastKnownFileType = wrapper.xcdatamodel; path = CoreImageLab.xcdatamodel; sourceTree = "<group>"; };
		AB9D6AEE27235A1F006AFD57 /* Assets.xcassets */ = {isa = PBXFileReference; lastKnownFileType = folder.assetcatalog; path = Assets.xcassets; sourceTree = "<group>"; };
		AB9D6AF127235A1F006AFD57 /* Base */ = {isa = PBXFileReference; lastKnownFileType = file.storyboard; name = Base; path = Base.lproj/LaunchScreen.storyboard; sourceTree = "<group>"; };
		AB9D6AF327235A1F006AFD57 /* Info.plist */ = {isa = PBXFileReference; lastKnownFileType = text.plist.xml; path = Info.plist; sourceTree = "<group>"; };
		AB9D6AFB27235FFD006AFD57 /* ModAViewController.swift */ = {isa = PBXFileReference; lastKnownFileType = sourcecode.swift; path = ModAViewController.swift; sourceTree = "<group>"; };
		AB9D6AFF2723612E006AFD57 /* VideoAnalgesic.swift */ = {isa = PBXFileReference; lastKnownFileType = sourcecode.swift; path = VideoAnalgesic.swift; sourceTree = "<group>"; };
		AB9D6B012729F94E006AFD57 /* opencv2.framework */ = {isa = PBXFileReference; lastKnownFileType = wrapper.framework; path = opencv2.framework; sourceTree = "<group>"; };
		AB9D6B082729FA42006AFD57 /* OpenCVBridge.hh */ = {isa = PBXFileReference; fileEncoding = 4; lastKnownFileType = sourcecode.cpp.h; path = OpenCVBridge.hh; sourceTree = "<group>"; };
		AB9D6B092729FA49006AFD57 /* CoreImageLab-Bridging-Header.h */ = {isa = PBXFileReference; lastKnownFileType = sourcecode.c.h; path = "CoreImageLab-Bridging-Header.h"; sourceTree = "<group>"; };
		AB9D6B0A2729FA4A006AFD57 /* OpenCVBridge.mm */ = {isa = PBXFileReference; fileEncoding = 4; lastKnownFileType = sourcecode.cpp.objcpp; path = OpenCVBridge.mm; sourceTree = "<group>"; };
		AB9D6B0C2729FA59006AFD57 /* PrefixHeader.pch */ = {isa = PBXFileReference; fileEncoding = 4; lastKnownFileType = sourcecode.c.h; path = PrefixHeader.pch; sourceTree = "<group>"; };
		AB9D6B0D2729FB24006AFD57 /* ModBViewController.swift */ = {isa = PBXFileReference; fileEncoding = 4; lastKnownFileType = sourcecode.swift; path = ModBViewController.swift; sourceTree = "<group>"; };
/* End PBXFileReference section */

/* Begin PBXFrameworksBuildPhase section */
		AB9D6ADC27235A1D006AFD57 /* Frameworks */ = {
			isa = PBXFrameworksBuildPhase;
			buildActionMask = 2147483647;
			files = (
				AB9D6B022729F94E006AFD57 /* opencv2.framework in Frameworks */,
			);
			runOnlyForDeploymentPostprocessing = 0;
		};
/* End PBXFrameworksBuildPhase section */

/* Begin PBXGroup section */
		AB9D6AD627235A1D006AFD57 = {
			isa = PBXGroup;
			children = (
				AB9D6B012729F94E006AFD57 /* opencv2.framework */,
				AB9D6AE127235A1D006AFD57 /* CoreImageLab */,
				AB9D6AE027235A1D006AFD57 /* Products */,
			);
			sourceTree = "<group>";
		};
		AB9D6AE027235A1D006AFD57 /* Products */ = {
			isa = PBXGroup;
			children = (
				AB9D6ADF27235A1D006AFD57 /* CoreImageLab.app */,
			);
			name = Products;
			sourceTree = "<group>";
		};
		AB9D6AE127235A1D006AFD57 /* CoreImageLab */ = {
			isa = PBXGroup;
			children = (
				AB9D6AE227235A1D006AFD57 /* AppDelegate.swift */,
				AB9D6AE427235A1D006AFD57 /* SceneDelegate.swift */,
				AB9D6AE627235A1D006AFD57 /* ViewController.swift */,
				AB9D6AE827235A1D006AFD57 /* Main.storyboard */,
				AB9D6AEE27235A1F006AFD57 /* Assets.xcassets */,
				AB9D6AF027235A1F006AFD57 /* LaunchScreen.storyboard */,
				AB9D6AF327235A1F006AFD57 /* Info.plist */,
				AB9D6AEB27235A1D006AFD57 /* CoreImageLab.xcdatamodeld */,
				AB9D6AFB27235FFD006AFD57 /* ModAViewController.swift */,
				AB9D6AFF2723612E006AFD57 /* VideoAnalgesic.swift */,
				AB9D6B082729FA42006AFD57 /* OpenCVBridge.hh */,
				AB9D6B0A2729FA4A006AFD57 /* OpenCVBridge.mm */,
				AB9D6B092729FA49006AFD57 /* CoreImageLab-Bridging-Header.h */,
				AB9D6B0C2729FA59006AFD57 /* PrefixHeader.pch */,
				AB9D6B0D2729FB24006AFD57 /* ModBViewController.swift */,
			);
			path = CoreImageLab;
			sourceTree = "<group>";
		};
/* End PBXGroup section */

/* Begin PBXNativeTarget section */
		AB9D6ADE27235A1D006AFD57 /* CoreImageLab */ = {
			isa = PBXNativeTarget;
			buildConfigurationList = AB9D6AF627235A1F006AFD57 /* Build configuration list for PBXNativeTarget "CoreImageLab" */;
			buildPhases = (
				AB9D6ADB27235A1D006AFD57 /* Sources */,
				AB9D6ADC27235A1D006AFD57 /* Frameworks */,
				AB9D6ADD27235A1D006AFD57 /* Resources */,
			);
			buildRules = (
			);
			dependencies = (
			);
			name = CoreImageLab;
			productName = CoreImageLab;
			productReference = AB9D6ADF27235A1D006AFD57 /* CoreImageLab.app */;
			productType = "com.apple.product-type.application";
		};
/* End PBXNativeTarget section */

/* Begin PBXProject section */
		AB9D6AD727235A1D006AFD57 /* Project object */ = {
			isa = PBXProject;
			attributes = {
				BuildIndependentTargetsInParallel = 1;
				LastSwiftUpdateCheck = 1300;
				LastUpgradeCheck = 1300;
				TargetAttributes = {
					AB9D6ADE27235A1D006AFD57 = {
						CreatedOnToolsVersion = 13.0;
						LastSwiftMigration = 1300;
					};
				};
			};
			buildConfigurationList = AB9D6ADA27235A1D006AFD57 /* Build configuration list for PBXProject "CoreImageLab" */;
			compatibilityVersion = "Xcode 13.0";
			developmentRegion = en;
			hasScannedForEncodings = 0;
			knownRegions = (
				en,
				Base,
			);
			mainGroup = AB9D6AD627235A1D006AFD57;
			productRefGroup = AB9D6AE027235A1D006AFD57 /* Products */;
			projectDirPath = "";
			projectRoot = "";
			targets = (
				AB9D6ADE27235A1D006AFD57 /* CoreImageLab */,
			);
		};
/* End PBXProject section */

/* Begin PBXResourcesBuildPhase section */
		AB9D6ADD27235A1D006AFD57 /* Resources */ = {
			isa = PBXResourcesBuildPhase;
			buildActionMask = 2147483647;
			files = (
				AB9D6AF227235A1F006AFD57 /* LaunchScreen.storyboard in Resources */,
				AB9D6AEF27235A1F006AFD57 /* Assets.xcassets in Resources */,
				AB9D6AEA27235A1D006AFD57 /* Main.storyboard in Resources */,
			);
			runOnlyForDeploymentPostprocessing = 0;
		};
/* End PBXResourcesBuildPhase section */

/* Begin PBXSourcesBuildPhase section */
		AB9D6ADB27235A1D006AFD57 /* Sources */ = {
			isa = PBXSourcesBuildPhase;
			buildActionMask = 2147483647;
			files = (
				AB9D6AED27235A1D006AFD57 /* CoreImageLab.xcdatamodeld in Sources */,
				AB9D6B002723612E006AFD57 /* VideoAnalgesic.swift in Sources */,
				AB9D6AE727235A1D006AFD57 /* ViewController.swift in Sources */,
				AB9D6AE327235A1D006AFD57 /* AppDelegate.swift in Sources */,
				AB9D6B0E2729FB24006AFD57 /* ModBViewController.swift in Sources */,
				AB9D6AFC27235FFD006AFD57 /* ModAViewController.swift in Sources */,
				AB9D6AE527235A1D006AFD57 /* SceneDelegate.swift in Sources */,
				AB9D6B0B2729FA4A006AFD57 /* OpenCVBridge.mm in Sources */,
			);
			runOnlyForDeploymentPostprocessing = 0;
		};
/* End PBXSourcesBuildPhase section */

/* Begin PBXVariantGroup section */
		AB9D6AE827235A1D006AFD57 /* Main.storyboard */ = {
			isa = PBXVariantGroup;
			children = (
				AB9D6AE927235A1D006AFD57 /* Base */,
			);
			name = Main.storyboard;
			sourceTree = "<group>";
		};
		AB9D6AF027235A1F006AFD57 /* LaunchScreen.storyboard */ = {
			isa = PBXVariantGroup;
			children = (
				AB9D6AF127235A1F006AFD57 /* Base */,
			);
			name = LaunchScreen.storyboard;
			sourceTree = "<group>";
		};
/* End PBXVariantGroup section */

/* Begin XCBuildConfiguration section */
		AB9D6AF427235A1F006AFD57 /* Debug */ = {
			isa = XCBuildConfiguration;
			buildSettings = {
				ALWAYS_SEARCH_USER_PATHS = NO;
				CLANG_ANALYZER_NONNULL = YES;
				CLANG_ANALYZER_NUMBER_OBJECT_CONVERSION = YES_AGGRESSIVE;
				CLANG_CXX_LANGUAGE_STANDARD = "gnu++17";
				CLANG_CXX_LIBRARY = "libc++";
				CLANG_ENABLE_MODULES = YES;
				CLANG_ENABLE_OBJC_ARC = YES;
				CLANG_ENABLE_OBJC_WEAK = YES;
				CLANG_WARN_BLOCK_CAPTURE_AUTORELEASING = YES;
				CLANG_WARN_BOOL_CONVERSION = YES;
				CLANG_WARN_COMMA = YES;
				CLANG_WARN_CONSTANT_CONVERSION = YES;
				CLANG_WARN_DEPRECATED_OBJC_IMPLEMENTATIONS = YES;
				CLANG_WARN_DIRECT_OBJC_ISA_USAGE = YES_ERROR;
				CLANG_WARN_DOCUMENTATION_COMMENTS = YES;
				CLANG_WARN_EMPTY_BODY = YES;
				CLANG_WARN_ENUM_CONVERSION = YES;
				CLANG_WARN_INFINITE_RECURSION = YES;
				CLANG_WARN_INT_CONVERSION = YES;
				CLANG_WARN_NON_LITERAL_NULL_CONVERSION = YES;
				CLANG_WARN_OBJC_IMPLICIT_RETAIN_SELF = YES;
				CLANG_WARN_OBJC_LITERAL_CONVERSION = YES;
				CLANG_WARN_OBJC_ROOT_CLASS = YES_ERROR;
				CLANG_WARN_QUOTED_INCLUDE_IN_FRAMEWORK_HEADER = YES;
				CLANG_WARN_RANGE_LOOP_ANALYSIS = YES;
				CLANG_WARN_STRICT_PROTOTYPES = YES;
				CLANG_WARN_SUSPICIOUS_MOVE = YES;
				CLANG_WARN_UNGUARDED_AVAILABILITY = YES_AGGRESSIVE;
				CLANG_WARN_UNREACHABLE_CODE = YES;
				CLANG_WARN__DUPLICATE_METHOD_MATCH = YES;
				COPY_PHASE_STRIP = NO;
				DEBUG_INFORMATION_FORMAT = dwarf;
				ENABLE_BITCODE = NO;
				ENABLE_STRICT_OBJC_MSGSEND = YES;
				ENABLE_TESTABILITY = YES;
				GCC_C_LANGUAGE_STANDARD = gnu11;
				GCC_DYNAMIC_NO_PIC = NO;
				GCC_NO_COMMON_BLOCKS = YES;
				GCC_OPTIMIZATION_LEVEL = 0;
				GCC_PREPROCESSOR_DEFINITIONS = (
					"DEBUG=1",
					"$(inherited)",
				);
				GCC_WARN_64_TO_32_BIT_CONVERSION = YES;
				GCC_WARN_ABOUT_RETURN_TYPE = YES_ERROR;
				GCC_WARN_UNDECLARED_SELECTOR = YES;
				GCC_WARN_UNINITIALIZED_AUTOS = YES_AGGRESSIVE;
				GCC_WARN_UNUSED_FUNCTION = YES;
				GCC_WARN_UNUSED_VARIABLE = YES;
				IPHONEOS_DEPLOYMENT_TARGET = 15.0;
				MTL_ENABLE_DEBUG_INFO = INCLUDE_SOURCE;
				MTL_FAST_MATH = YES;
				ONLY_ACTIVE_ARCH = YES;
				SDKROOT = iphoneos;
				SWIFT_ACTIVE_COMPILATION_CONDITIONS = DEBUG;
				SWIFT_OPTIMIZATION_LEVEL = "-Onone";
			};
			name = Debug;
		};
		AB9D6AF527235A1F006AFD57 /* Release */ = {
			isa = XCBuildConfiguration;
			buildSettings = {
				ALWAYS_SEARCH_USER_PATHS = NO;
				CLANG_ANALYZER_NONNULL = YES;
				CLANG_ANALYZER_NUMBER_OBJECT_CONVERSION = YES_AGGRESSIVE;
				CLANG_CXX_LANGUAGE_STANDARD = "gnu++17";
				CLANG_CXX_LIBRARY = "libc++";
				CLANG_ENABLE_MODULES = YES;
				CLANG_ENABLE_OBJC_ARC = YES;
				CLANG_ENABLE_OBJC_WEAK = YES;
				CLANG_WARN_BLOCK_CAPTURE_AUTORELEASING = YES;
				CLANG_WARN_BOOL_CONVERSION = YES;
				CLANG_WARN_COMMA = YES;
				CLANG_WARN_CONSTANT_CONVERSION = YES;
				CLANG_WARN_DEPRECATED_OBJC_IMPLEMENTATIONS = YES;
				CLANG_WARN_DIRECT_OBJC_ISA_USAGE = YES_ERROR;
				CLANG_WARN_DOCUMENTATION_COMMENTS = YES;
				CLANG_WARN_EMPTY_BODY = YES;
				CLANG_WARN_ENUM_CONVERSION = YES;
				CLANG_WARN_INFINITE_RECURSION = YES;
				CLANG_WARN_INT_CONVERSION = YES;
				CLANG_WARN_NON_LITERAL_NULL_CONVERSION = YES;
				CLANG_WARN_OBJC_IMPLICIT_RETAIN_SELF = YES;
				CLANG_WARN_OBJC_LITERAL_CONVERSION = YES;
				CLANG_WARN_OBJC_ROOT_CLASS = YES_ERROR;
				CLANG_WARN_QUOTED_INCLUDE_IN_FRAMEWORK_HEADER = YES;
				CLANG_WARN_RANGE_LOOP_ANALYSIS = YES;
				CLANG_WARN_STRICT_PROTOTYPES = YES;
				CLANG_WARN_SUSPICIOUS_MOVE = YES;
				CLANG_WARN_UNGUARDED_AVAILABILITY = YES_AGGRESSIVE;
				CLANG_WARN_UNREACHABLE_CODE = YES;
				CLANG_WARN__DUPLICATE_METHOD_MATCH = YES;
				COPY_PHASE_STRIP = NO;
				DEBUG_INFORMATION_FORMAT = "dwarf-with-dsym";
				ENABLE_BITCODE = NO;
				ENABLE_NS_ASSERTIONS = NO;
				ENABLE_STRICT_OBJC_MSGSEND = YES;
				GCC_C_LANGUAGE_STANDARD = gnu11;
				GCC_NO_COMMON_BLOCKS = YES;
				GCC_WARN_64_TO_32_BIT_CONVERSION = YES;
				GCC_WARN_ABOUT_RETURN_TYPE = YES_ERROR;
				GCC_WARN_UNDECLARED_SELECTOR = YES;
				GCC_WARN_UNINITIALIZED_AUTOS = YES_AGGRESSIVE;
				GCC_WARN_UNUSED_FUNCTION = YES;
				GCC_WARN_UNUSED_VARIABLE = YES;
				IPHONEOS_DEPLOYMENT_TARGET = 15.0;
				MTL_ENABLE_DEBUG_INFO = NO;
				MTL_FAST_MATH = YES;
				SDKROOT = iphoneos;
				SWIFT_COMPILATION_MODE = wholemodule;
				SWIFT_OPTIMIZATION_LEVEL = "-O";
				VALIDATE_PRODUCT = YES;
			};
			name = Release;
		};
		AB9D6AF727235A1F006AFD57 /* Debug */ = {
			isa = XCBuildConfiguration;
			buildSettings = {
				ASSETCATALOG_COMPILER_APPICON_NAME = AppIcon;
				ASSETCATALOG_COMPILER_GLOBAL_ACCENT_COLOR_NAME = AccentColor;
				CLANG_ENABLE_MODULES = YES;
				CODE_SIGN_STYLE = Automatic;
				CURRENT_PROJECT_VERSION = 1;
				DEVELOPMENT_TEAM = F69WJ27LN4;
				ENABLE_BITCODE = NO;
				FRAMEWORK_SEARCH_PATHS = (
					"$(inherited)",
					"$(PROJECT_DIR)",
				);
				GENERATE_INFOPLIST_FILE = YES;
				INFOPLIST_FILE = CoreImageLab/Info.plist;
				INFOPLIST_KEY_UIApplicationSupportsIndirectInputEvents = YES;
				INFOPLIST_KEY_UILaunchStoryboardName = LaunchScreen;
				INFOPLIST_KEY_UIMainStoryboardFile = Main;
				INFOPLIST_KEY_UISupportedInterfaceOrientations_iPad = "UIInterfaceOrientationPortrait UIInterfaceOrientationPortraitUpsideDown UIInterfaceOrientationLandscapeLeft UIInterfaceOrientationLandscapeRight";
				INFOPLIST_KEY_UISupportedInterfaceOrientations_iPhone = "UIInterfaceOrientationPortrait UIInterfaceOrientationLandscapeLeft UIInterfaceOrientationLandscapeRight";
				LD_RUNPATH_SEARCH_PATHS = (
					"$(inherited)",
					"@executable_path/Frameworks",
				);
				MARKETING_VERSION = 1.0;
				PRODUCT_BUNDLE_IDENTIFIER = CS5323.CoreImageLab;
				PRODUCT_NAME = "$(TARGET_NAME)";
				SWIFT_EMIT_LOC_STRINGS = YES;
				SWIFT_OBJC_BRIDGING_HEADER = "CoreImageLab/CoreImageLab-Bridging-Header.h";
				SWIFT_OPTIMIZATION_LEVEL = "-Onone";
				SWIFT_VERSION = 5.0;
				TARGETED_DEVICE_FAMILY = "1,2";
			};
			name = Debug;
		};
		AB9D6AF827235A1F006AFD57 /* Release */ = {
			isa = XCBuildConfiguration;
			buildSettings = {
				ASSETCATALOG_COMPILER_APPICON_NAME = AppIcon;
				ASSETCATALOG_COMPILER_GLOBAL_ACCENT_COLOR_NAME = AccentColor;
				CLANG_ENABLE_MODULES = YES;
				CODE_SIGN_STYLE = Automatic;
				CURRENT_PROJECT_VERSION = 1;
				DEVELOPMENT_TEAM = F69WJ27LN4;
				ENABLE_BITCODE = NO;
				FRAMEWORK_SEARCH_PATHS = (
					"$(inherited)",
					"$(PROJECT_DIR)",
				);
				GENERATE_INFOPLIST_FILE = YES;
				INFOPLIST_FILE = CoreImageLab/Info.plist;
				INFOPLIST_KEY_UIApplicationSupportsIndirectInputEvents = YES;
				INFOPLIST_KEY_UILaunchStoryboardName = LaunchScreen;
				INFOPLIST_KEY_UIMainStoryboardFile = Main;
				INFOPLIST_KEY_UISupportedInterfaceOrientations_iPad = "UIInterfaceOrientationPortrait UIInterfaceOrientationPortraitUpsideDown UIInterfaceOrientationLandscapeLeft UIInterfaceOrientationLandscapeRight";
				INFOPLIST_KEY_UISupportedInterfaceOrientations_iPhone = "UIInterfaceOrientationPortrait UIInterfaceOrientationLandscapeLeft UIInterfaceOrientationLandscapeRight";
				LD_RUNPATH_SEARCH_PATHS = (
					"$(inherited)",
					"@executable_path/Frameworks",
				);
				MARKETING_VERSION = 1.0;
				PRODUCT_BUNDLE_IDENTIFIER = CS5323.CoreImageLab;
				PRODUCT_NAME = "$(TARGET_NAME)";
				SWIFT_EMIT_LOC_STRINGS = YES;
				SWIFT_OBJC_BRIDGING_HEADER = "CoreImageLab/CoreImageLab-Bridging-Header.h";
				SWIFT_VERSION = 5.0;
				TARGETED_DEVICE_FAMILY = "1,2";
			};
			name = Release;
		};
/* End XCBuildConfiguration section */

/* Begin XCConfigurationList section */
		AB9D6ADA27235A1D006AFD57 /* Build configuration list for PBXProject "CoreImageLab" */ = {
			isa = XCConfigurationList;
			buildConfigurations = (
				AB9D6AF427235A1F006AFD57 /* Debug */,
				AB9D6AF527235A1F006AFD57 /* Release */,
			);
			defaultConfigurationIsVisible = 0;
			defaultConfigurationName = Release;
		};
		AB9D6AF627235A1F006AFD57 /* Build configuration list for PBXNativeTarget "CoreImageLab" */ = {
			isa = XCConfigurationList;
			buildConfigurations = (
				AB9D6AF727235A1F006AFD57 /* Debug */,
				AB9D6AF827235A1F006AFD57 /* Release */,
			);
			defaultConfigurationIsVisible = 0;
			defaultConfigurationName = Release;
		};
/* End XCConfigurationList section */

/* Begin XCVersionGroup section */
		AB9D6AEB27235A1D006AFD57 /* CoreImageLab.xcdatamodeld */ = {
			isa = XCVersionGroup;
			children = (
				AB9D6AEC27235A1D006AFD57 /* CoreImageLab.xcdatamodel */,
			);
			currentVersion = AB9D6AEC27235A1D006AFD57 /* CoreImageLab.xcdatamodel */;
			path = CoreImageLab.xcdatamodeld;
			sourceTree = "<group>";
			versionGroupType = wrapper.xcdatamodel;
		};
/* End XCVersionGroup section */
	};
	rootObject = AB9D6AD727235A1D006AFD57 /* Project object */;
}
